
Microsoft Visual Studio Solution File, Format Version 12.00
# Visual Studio 15
VisualStudioVersion = 15.0.28010.2048
MinimumVisualStudioVersion = 10.0.40219.1
Project("{FAE04EC0-301F-11D3-BF4B-00C04F79EFBC}") = "Super-tic-tac-toe", "Super-tic-tac-toe\Super-tic-tac-toe.csproj", "{E378375E-C34B-4068-B5EE-F490146ED5BE}"
EndProject
Project("{FAE04EC0-301F-11D3-BF4B-00C04F79EFBC}") = "SuperTicTacToeUnitTests", "SuperTicTacToeUnitTests\SuperTicTacToeUnitTests.csproj", "{0FE3B638-A5E7-4FB8-B6A8-7A4843699EF4}"
EndProject
Global
	GlobalSection(SolutionConfigurationPlatforms) = preSolution
		Debug|Any CPU = Debug|Any CPU
		Release|Any CPU = Release|Any CPU
	EndGlobalSection
	GlobalSection(ProjectConfigurationPlatforms) = postSolution
		{E378375E-C34B-4068-B5EE-F490146ED5BE}.Debug|Any CPU.ActiveCfg = Debug|Any CPU
		{E378375E-C34B-4068-B5EE-F490146ED5BE}.Debug|Any CPU.Build.0 = Debug|Any CPU
		{E378375E-C34B-4068-B5EE-F490146ED5BE}.Release|Any CPU.ActiveCfg = Release|Any CPU
		{E378375E-C34B-4068-B5EE-F490146ED5BE}.Release|Any CPU.Build.0 = Release|Any CPU
		{0FE3B638-A5E7-4FB8-B6A8-7A4843699EF4}.Debug|Any CPU.ActiveCfg = Debug|Any CPU
		{0FE3B638-A5E7-4FB8-B6A8-7A4843699EF4}.Debug|Any CPU.Build.0 = Debug|Any CPU
		{0FE3B638-A5E7-4FB8-B6A8-7A4843699EF4}.Release|Any CPU.ActiveCfg = Release|Any CPU
		{0FE3B638-A5E7-4FB8-B6A8-7A4843699EF4}.Release|Any CPU.Build.0 = Release|Any CPU
	EndGlobalSection
	GlobalSection(SolutionProperties) = preSolution
		HideSolutionNode = FALSE
	EndGlobalSection
	GlobalSection(ExtensibilityGlobals) = postSolution
		SolutionGuid = {528FBCC5-4F59-44F0-9E44-18433C43D09C}
	EndGlobalSection
EndGlobal
